
Microsoft Visual Studio Solution File, Format Version 12.00
# Visual Studio 15
VisualStudioVersion = 15.0.27703.2000
MinimumVisualStudioVersion = 10.0.40219.1
Project("{FAE04EC0-301F-11D3-BF4B-00C04F79EFBC}") = "Git_Pelda", "Git_Pelda\Git_Pelda.csproj", "{36E1B9A8-F0AE-4B3A-AE50-51898B719251}"
EndProject
Global
	GlobalSection(SolutionConfigurationPlatforms) = preSolution
		Debug|Any CPU = Debug|Any CPU
		Release|Any CPU = Release|Any CPU
	EndGlobalSection
	GlobalSection(ProjectConfigurationPlatforms) = postSolution
		{36E1B9A8-F0AE-4B3A-AE50-51898B719251}.Debug|Any CPU.ActiveCfg = Debug|Any CPU
		{36E1B9A8-F0AE-4B3A-AE50-51898B719251}.Debug|Any CPU.Build.0 = Debug|Any CPU
		{36E1B9A8-F0AE-4B3A-AE50-51898B719251}.Release|Any CPU.ActiveCfg = Release|Any CPU
		{36E1B9A8-F0AE-4B3A-AE50-51898B719251}.Release|Any CPU.Build.0 = Release|Any CPU
	EndGlobalSection
	GlobalSection(SolutionProperties) = preSolution
		HideSolutionNode = FALSE
	EndGlobalSection
	GlobalSection(ExtensibilityGlobals) = postSolution
		SolutionGuid = {EE917949-B5F0-4C75-B4E4-74F5355B1314}
	EndGlobalSection
EndGlobal
